
Microsoft Visual Studio Solution File, Format Version 12.00
# Visual Studio Version 17
VisualStudioVersion = 17.10.35027.167
MinimumVisualStudioVersion = 10.0.40219.1
Project("{FAE04EC0-301F-11D3-BF4B-00C04F79EFBC}") = "Assignment 3", "Assignment 3\Assignment 3.csproj", "{30424019-B3A4-478F-A6D5-4C5C9F6F8908}"
EndProject
Global
	GlobalSection(SolutionConfigurationPlatforms) = preSolution
		Debug|Any CPU = Debug|Any CPU
		Release|Any CPU = Release|Any CPU
	EndGlobalSection
	GlobalSection(ProjectConfigurationPlatforms) = postSolution
		{30424019-B3A4-478F-A6D5-4C5C9F6F8908}.Debug|Any CPU.ActiveCfg = Debug|Any CPU
		{30424019-B3A4-478F-A6D5-4C5C9F6F8908}.Debug|Any CPU.Build.0 = Debug|Any CPU
		{30424019-B3A4-478F-A6D5-4C5C9F6F8908}.Release|Any CPU.ActiveCfg = Release|Any CPU
		{30424019-B3A4-478F-A6D5-4C5C9F6F8908}.Release|Any CPU.Build.0 = Release|Any CPU
	EndGlobalSection
	GlobalSection(SolutionProperties) = preSolution
		HideSolutionNode = FALSE
	EndGlobalSection
	GlobalSection(ExtensibilityGlobals) = postSolution
		SolutionGuid = {EC7F3F12-F380-4A81-88C7-11A81D9FB88B}
	EndGlobalSection
EndGlobal
